
Microsoft Visual Studio Solution File, Format Version 12.00
# Visual Studio Version 16
VisualStudioVersion = 16.0.32126.315
MinimumVisualStudioVersion = 10.0.40219.1
Project("{FAE04EC0-301F-11D3-BF4B-00C04F79EFBC}") = "Examen Unidad 6", "Examen Unidad 6\Examen Unidad 6.csproj", "{7000D8BE-BFA6-48CC-9BD5-6642E416A964}"
EndProject
Global
	GlobalSection(SolutionConfigurationPlatforms) = preSolution
		Debug|Any CPU = Debug|Any CPU
		Release|Any CPU = Release|Any CPU
	EndGlobalSection
	GlobalSection(ProjectConfigurationPlatforms) = postSolution
		{7000D8BE-BFA6-48CC-9BD5-6642E416A964}.Debug|Any CPU.ActiveCfg = Debug|Any CPU
		{7000D8BE-BFA6-48CC-9BD5-6642E416A964}.Debug|Any CPU.Build.0 = Debug|Any CPU
		{7000D8BE-BFA6-48CC-9BD5-6642E416A964}.Release|Any CPU.ActiveCfg = Release|Any CPU
		{7000D8BE-BFA6-48CC-9BD5-6642E416A964}.Release|Any CPU.Build.0 = Release|Any CPU
	EndGlobalSection
	GlobalSection(SolutionProperties) = preSolution
		HideSolutionNode = FALSE
	EndGlobalSection
	GlobalSection(ExtensibilityGlobals) = postSolution
		SolutionGuid = {1ABD4F3B-26DE-4D88-BD17-3A3472501362}
	EndGlobalSection
EndGlobal
